
Microsoft Visual Studio Solution File, Format Version 12.00
# Visual Studio Version 17
VisualStudioVersion = 17.0.31903.59
MinimumVisualStudioVersion = 10.0.40219.1
Project("{2150E333-8FDC-42A3-9474-1A3956D46DE8}") = "src", "src", "{827E0CD3-B72D-47B6-A68D-7590B98EB39B}"
EndProject
Project("{2150E333-8FDC-42A3-9474-1A3956D46DE8}") = "API", "API", "{81034408-37C8-1011-444E-4C15C2FADA8E}"
EndProject
Project("{FAE04EC0-301F-11D3-BF4B-00C04F79EFBC}") = "OrderManagement.Api", "src\API\OrderManagement.Api\OrderManagement.Api.csproj", "{1A9B5123-1C0B-4BC4-858E-22D0F2063C1D}"
EndProject
Project("{2150E333-8FDC-42A3-9474-1A3956D46DE8}") = "tests", "tests", "{0AB3BF05-4346-4AA6-1389-037BE0695223}"
EndProject
Project("{FAE04EC0-301F-11D3-BF4B-00C04F79EFBC}") = "OrderManagement.Api.Test", "tests\OrderManagement.Api.Test\OrderManagement.Api.Test.csproj", "{44A64C87-5A17-42DB-B671-6EA29A2F1023}"
EndProject
Global
	GlobalSection(SolutionConfigurationPlatforms) = preSolution
		Debug|Any CPU = Debug|Any CPU
		Debug|x64 = Debug|x64
		Debug|x86 = Debug|x86
		Release|Any CPU = Release|Any CPU
		Release|x64 = Release|x64
		Release|x86 = Release|x86
	EndGlobalSection
	GlobalSection(ProjectConfigurationPlatforms) = postSolution
		{1A9B5123-1C0B-4BC4-858E-22D0F2063C1D}.Debug|Any CPU.ActiveCfg = Debug|Any CPU
		{1A9B5123-1C0B-4BC4-858E-22D0F2063C1D}.Debug|Any CPU.Build.0 = Debug|Any CPU
		{1A9B5123-1C0B-4BC4-858E-22D0F2063C1D}.Debug|x64.ActiveCfg = Debug|Any CPU
		{1A9B5123-1C0B-4BC4-858E-22D0F2063C1D}.Debug|x64.Build.0 = Debug|Any CPU
		{1A9B5123-1C0B-4BC4-858E-22D0F2063C1D}.Debug|x86.ActiveCfg = Debug|Any CPU
		{1A9B5123-1C0B-4BC4-858E-22D0F2063C1D}.Debug|x86.Build.0 = Debug|Any CPU
		{1A9B5123-1C0B-4BC4-858E-22D0F2063C1D}.Release|Any CPU.ActiveCfg = Release|Any CPU
		{1A9B5123-1C0B-4BC4-858E-22D0F2063C1D}.Release|Any CPU.Build.0 = Release|Any CPU
		{1A9B5123-1C0B-4BC4-858E-22D0F2063C1D}.Release|x64.ActiveCfg = Release|Any CPU
		{1A9B5123-1C0B-4BC4-858E-22D0F2063C1D}.Release|x64.Build.0 = Release|Any CPU
		{1A9B5123-1C0B-4BC4-858E-22D0F2063C1D}.Release|x86.ActiveCfg = Release|Any CPU
		{1A9B5123-1C0B-4BC4-858E-22D0F2063C1D}.Release|x86.Build.0 = Release|Any CPU
		{44A64C87-5A17-42DB-B671-6EA29A2F1023}.Debug|Any CPU.ActiveCfg = Debug|Any CPU
		{44A64C87-5A17-42DB-B671-6EA29A2F1023}.Debug|Any CPU.Build.0 = Debug|Any CPU
		{44A64C87-5A17-42DB-B671-6EA29A2F1023}.Debug|x64.ActiveCfg = Debug|Any CPU
		{44A64C87-5A17-42DB-B671-6EA29A2F1023}.Debug|x64.Build.0 = Debug|Any CPU
		{44A64C87-5A17-42DB-B671-6EA29A2F1023}.Debug|x86.ActiveCfg = Debug|Any CPU
		{44A64C87-5A17-42DB-B671-6EA29A2F1023}.Debug|x86.Build.0 = Debug|Any CPU
		{44A64C87-5A17-42DB-B671-6EA29A2F1023}.Release|Any CPU.ActiveCfg = Release|Any CPU
		{44A64C87-5A17-42DB-B671-6EA29A2F1023}.Release|Any CPU.Build.0 = Release|Any CPU
		{44A64C87-5A17-42DB-B671-6EA29A2F1023}.Release|x64.ActiveCfg = Release|Any CPU
		{44A64C87-5A17-42DB-B671-6EA29A2F1023}.Release|x64.Build.0 = Release|Any CPU
		{44A64C87-5A17-42DB-B671-6EA29A2F1023}.Release|x86.ActiveCfg = Release|Any CPU
		{44A64C87-5A17-42DB-B671-6EA29A2F1023}.Release|x86.Build.0 = Release|Any CPU
	EndGlobalSection
	GlobalSection(SolutionProperties) = preSolution
		HideSolutionNode = FALSE
	EndGlobalSection
	GlobalSection(NestedProjects) = preSolution
		{81034408-37C8-1011-444E-4C15C2FADA8E} = {827E0CD3-B72D-47B6-A68D-7590B98EB39B}
		{1A9B5123-1C0B-4BC4-858E-22D0F2063C1D} = {81034408-37C8-1011-444E-4C15C2FADA8E}
		{44A64C87-5A17-42DB-B671-6EA29A2F1023} = {0AB3BF05-4346-4AA6-1389-037BE0695223}
	EndGlobalSection
	GlobalSection(ExtensibilityGlobals) = postSolution
		SolutionGuid = {4965CEBB-2E5B-48AE-B6EB-CC45FC4E0986}
	EndGlobalSection
EndGlobal
